
Microsoft Visual Studio Solution File, Format Version 12.00
# Visual Studio Version 17
VisualStudioVersion = 17.4.33403.182
MinimumVisualStudioVersion = 10.0.40219.1
Project("{8BC9CEB8-8B4A-11D0-8D11-00A0C91BC942}") = "GameServer", "GameServer\GameServer.vcxproj", "{A702920C-9E30-4881-9443-4E8ED948CC4F}"
EndProject
Project("{8BC9CEB8-8B4A-11D0-8D11-00A0C91BC942}") = "DummyClient", "DummyClient\DummyClient.vcxproj", "{FE94565A-8F47-4C80-BCF9-80ADAB5696F4}"
EndProject
Project("{8BC9CEB8-8B4A-11D0-8D11-00A0C91BC942}") = "ServerCore", "ServerCore\ServerCore.vcxproj", "{D0540993-DF4A-4B68-BB70-3CC9F89A48A7}"
EndProject
Global
	GlobalSection(SolutionConfigurationPlatforms) = preSolution
		Debug|x64 = Debug|x64
		Debug|x86 = Debug|x86
		Release|x64 = Release|x64
		Release|x86 = Release|x86
	EndGlobalSection
	GlobalSection(ProjectConfigurationPlatforms) = postSolution
		{A702920C-9E30-4881-9443-4E8ED948CC4F}.Debug|x64.ActiveCfg = Debug|x64
		{A702920C-9E30-4881-9443-4E8ED948CC4F}.Debug|x64.Build.0 = Debug|x64
		{A702920C-9E30-4881-9443-4E8ED948CC4F}.Debug|x86.ActiveCfg = Debug|Win32
		{A702920C-9E30-4881-9443-4E8ED948CC4F}.Debug|x86.Build.0 = Debug|Win32
		{A702920C-9E30-4881-9443-4E8ED948CC4F}.Release|x64.ActiveCfg = Release|x64
		{A702920C-9E30-4881-9443-4E8ED948CC4F}.Release|x64.Build.0 = Release|x64
		{A702920C-9E30-4881-9443-4E8ED948CC4F}.Release|x86.ActiveCfg = Release|Win32
		{A702920C-9E30-4881-9443-4E8ED948CC4F}.Release|x86.Build.0 = Release|Win32
		{FE94565A-8F47-4C80-BCF9-80ADAB5696F4}.Debug|x64.ActiveCfg = Debug|x64
		{FE94565A-8F47-4C80-BCF9-80ADAB5696F4}.Debug|x64.Build.0 = Debug|x64
		{FE94565A-8F47-4C80-BCF9-80ADAB5696F4}.Debug|x86.ActiveCfg = Debug|Win32
		{FE94565A-8F47-4C80-BCF9-80ADAB5696F4}.Debug|x86.Build.0 = Debug|Win32
		{FE94565A-8F47-4C80-BCF9-80ADAB5696F4}.Release|x64.ActiveCfg = Release|x64
		{FE94565A-8F47-4C80-BCF9-80ADAB5696F4}.Release|x64.Build.0 = Release|x64
		{FE94565A-8F47-4C80-BCF9-80ADAB5696F4}.Release|x86.ActiveCfg = Release|Win32
		{FE94565A-8F47-4C80-BCF9-80ADAB5696F4}.Release|x86.Build.0 = Release|Win32
		{D0540993-DF4A-4B68-BB70-3CC9F89A48A7}.Debug|x64.ActiveCfg = Debug|x64
		{D0540993-DF4A-4B68-BB70-3CC9F89A48A7}.Debug|x64.Build.0 = Debug|x64
		{D0540993-DF4A-4B68-BB70-3CC9F89A48A7}.Debug|x86.ActiveCfg = Debug|Win32
		{D0540993-DF4A-4B68-BB70-3CC9F89A48A7}.Debug|x86.Build.0 = Debug|Win32
		{D0540993-DF4A-4B68-BB70-3CC9F89A48A7}.Release|x64.ActiveCfg = Release|x64
		{D0540993-DF4A-4B68-BB70-3CC9F89A48A7}.Release|x64.Build.0 = Release|x64
		{D0540993-DF4A-4B68-BB70-3CC9F89A48A7}.Release|x86.ActiveCfg = Release|Win32
		{D0540993-DF4A-4B68-BB70-3CC9F89A48A7}.Release|x86.Build.0 = Release|Win32
	EndGlobalSection
	GlobalSection(SolutionProperties) = preSolution
		HideSolutionNode = FALSE
	EndGlobalSection
	GlobalSection(ExtensibilityGlobals) = postSolution
		SolutionGuid = {A93B93C4-0E1B-4FA1-9CFA-AA7ACF8B90F4}
	EndGlobalSection
EndGlobal
